
Microsoft Visual Studio Solution File, Format Version 10.00
# Visual Basic Express 2008
Project("{F184B08F-C81C-45F6-A57F-5ABD9991F28F}") = "Robot_IO", "Robot_IO.vbproj", "{4F3511F8-DE68-4AB7-8831-91DAD6061E15}"
EndProject
Global
	GlobalSection(SolutionConfigurationPlatforms) = preSolution
		Debug|Any CPU = Debug|Any CPU
		Release|Any CPU = Release|Any CPU
	EndGlobalSection
	GlobalSection(ProjectConfigurationPlatforms) = postSolution
		{4F3511F8-DE68-4AB7-8831-91DAD6061E15}.Debug|Any CPU.ActiveCfg = Debug|Any CPU
		{4F3511F8-DE68-4AB7-8831-91DAD6061E15}.Debug|Any CPU.Build.0 = Debug|Any CPU
		{4F3511F8-DE68-4AB7-8831-91DAD6061E15}.Release|Any CPU.ActiveCfg = Release|Any CPU
		{4F3511F8-DE68-4AB7-8831-91DAD6061E15}.Release|Any CPU.Build.0 = Release|Any CPU
	EndGlobalSection
	GlobalSection(SolutionProperties) = preSolution
		HideSolutionNode = FALSE
	EndGlobalSection
EndGlobal
