
Microsoft Visual Studio Solution File, Format Version 10.00
# Visual Basic Express 2008
Project("{F184B08F-C81C-45F6-A57F-5ABD9991F28F}") = "plc_io", "plc_io.vbproj", "{303E5F98-7206-45EF-AD2F-57BE035950DD}"
EndProject
Global
	GlobalSection(SolutionConfigurationPlatforms) = preSolution
		Debug|Any CPU = Debug|Any CPU
		Release|Any CPU = Release|Any CPU
	EndGlobalSection
	GlobalSection(ProjectConfigurationPlatforms) = postSolution
		{303E5F98-7206-45EF-AD2F-57BE035950DD}.Debug|Any CPU.ActiveCfg = Debug|Any CPU
		{303E5F98-7206-45EF-AD2F-57BE035950DD}.Debug|Any CPU.Build.0 = Debug|Any CPU
		{303E5F98-7206-45EF-AD2F-57BE035950DD}.Release|Any CPU.ActiveCfg = Release|Any CPU
		{303E5F98-7206-45EF-AD2F-57BE035950DD}.Release|Any CPU.Build.0 = Release|Any CPU
	EndGlobalSection
	GlobalSection(SolutionProperties) = preSolution
		HideSolutionNode = FALSE
	EndGlobalSection
EndGlobal
