
Microsoft Visual Studio Solution File, Format Version 10.00
# Visual Basic Express 2008
Project("{F184B08F-C81C-45F6-A57F-5ABD9991F28F}") = "AlarmMan", "AlarmMan.NET.HTML\AlarmMan.vbproj", "{65A4BCCA-8758-4E9A-9D9A-5ADB00D9C288}"
EndProject
Project("{F184B08F-C81C-45F6-A57F-5ABD9991F28F}") = "RobotWeb", "Browser.NET\RobotWeb.vbproj", "{90E7A9EB-0D72-4317-AB97-C22648606037}"
EndProject
Project("{F184B08F-C81C-45F6-A57F-5ABD9991F28F}") = "ChangeLog", "ChangeLog\ChangeLog.vbproj", "{9E929452-088F-412E-BE23-6B39E4852985}"
EndProject
Project("{F184B08F-C81C-45F6-A57F-5ABD9991F28F}") = "JobSetup", "Config\JobSetup.net\JobSetup.vbproj", "{42D5241F-D8B2-4D89-B04F-B720A0B53C37}"
EndProject
Project("{F184B08F-C81C-45F6-A57F-5ABD9991F28F}") = "System Colors", "Config\System Colors.net\System Colors.vbproj", "{11CE6D9A-3A98-497B-8AA5-A0DEF7C39DF6}"
EndProject
Project("{F184B08F-C81C-45F6-A57F-5ABD9991F28F}") = "HotEditLogger", "HotEditLogger\HotEditLogger.vbproj", "{BD6F4881-8C3B-479B-89B5-1618A1AF216A}"
EndProject
Project("{F184B08F-C81C-45F6-A57F-5ABD9991F28F}") = "Network", "Maint\Network.NET\Network.vbproj", "{A24ED5B6-80D7-4BA0-9713-4504F520F7C2}"
EndProject
Project("{F184B08F-C81C-45F6-A57F-5ABD9991F28F}") = "AlarmMask", "Maint\AlarmMask.NET\AlarmMask.vbproj", "{1B8B445C-3BFB-46DB-89EF-A040548A9EC2}"
EndProject
Project("{F184B08F-C81C-45F6-A57F-5ABD9991F28F}") = "PW_Maint", "Maint\PW_Maint.NET\PW_Maint.vbproj", "{DE3BB38D-C500-4ED6-9230-117BE5F57D30}"
EndProject
Project("{F184B08F-C81C-45F6-A57F-5ABD9991F28F}") = "FluidMaint", "Operate\FluidMaint.net\FluidMaint.vbproj", "{A958185B-1183-46C3-B246-1049FB2A84A1}"
EndProject
Project("{F184B08F-C81C-45F6-A57F-5ABD9991F28F}") = "PaintDischarge", "Operate\PaintDischarge.net - Honda WB Only\PaintDischarge.vbproj", "{3E0030F5-8D8D-4957-9A5F-2E0FD805042D}"
EndProject
Project("{F184B08F-C81C-45F6-A57F-5ABD9991F28F}") = "ManualCycle", "Operate\ManualCycle\ManualCycle.vbproj", "{ACA09AB9-C10D-455A-B1B2-E597E9348B35}"
EndProject
Project("{F184B08F-C81C-45F6-A57F-5ABD9991F28F}") = "ParamSetup", "Param Setup.NET\ParamSetup.vbproj", "{6BCBAB03-842E-4689-B4CD-A2A4D540E4F5}"
EndProject
Project("{F184B08F-C81C-45F6-A57F-5ABD9991F28F}") = "Password.NET", "Password.NET\Password.NET.vbproj", "{95908FF3-B979-4D10-B270-6C8D3F40E763}"
EndProject
Project("{F184B08F-C81C-45F6-A57F-5ABD9991F28F}") = "Calibration", "Process\Calibrate.NET\Calibration.vbproj", "{1AE23646-95AF-4EE1-B6B3-30992607DF07}"
EndProject
Project("{F184B08F-C81C-45F6-A57F-5ABD9991F28F}") = "ColorChange", "Process\ColorChange.Net\ColorChange.vbproj", "{92BA1811-E0C4-4762-806A-40BCA25B222A}"
EndProject
Project("{F184B08F-C81C-45F6-A57F-5ABD9991F28F}") = "DMONSchedMan", "Process\DMON SchedMan.NET\DMONSchedMan.vbproj", "{EEA98AD6-2E2B-4583-935D-BEBCCC928F28}"
EndProject
Project("{F184B08F-C81C-45F6-A57F-5ABD9991F28F}") = "Presets", "Process\Presets.NET\Presets.vbproj", "{57DE76F2-4492-4DC5-B787-1DB8534611A6}"
EndProject
Project("{F184B08F-C81C-45F6-A57F-5ABD9991F28F}") = "Volume", "Process\Volume.NET\Volume.vbproj", "{9AC7B917-5F30-4A44-8245-6ADD869488BE}"
EndProject
Project("{F184B08F-C81C-45F6-A57F-5ABD9991F28F}") = "SealantSched", "Process\Sealant Sched.NET\SealantSched.vbproj", "{07F50405-934C-4C20-8E0C-857F24813664}"
EndProject
Project("{F184B08F-C81C-45F6-A57F-5ABD9991F28F}") = "SealerDiag", "Process\SealerDiagnostics.NET\SealerDiag.vbproj", "{D5C1C02D-9A2E-4E73-9492-0030D7F155B8}"
EndProject
Project("{F184B08F-C81C-45F6-A57F-5ABD9991F28F}") = "Prodlogger", "ProdLogger.NET\Prodlogger.vbproj", "{3EBED0FD-607D-4DBD-9CD7-D70C80469A2C}"
EndProject
Project("{F184B08F-C81C-45F6-A57F-5ABD9991F28F}") = "PW4_Main", "PW_Main.NET\PW4_Main.vbproj", "{BF80F7E0-1E1D-4C3E-8EFD-6F1D79C2BC70}"
EndProject
Project("{F184B08F-C81C-45F6-A57F-5ABD9991F28F}") = "Reports", "Reports.NET\Reports.vbproj", "{5EA5324D-7DF2-4A6D-B046-AACEF5DB2ADC}"
EndProject
Project("{F184B08F-C81C-45F6-A57F-5ABD9991F28F}") = "ScatteredAccess", "ScatteredAccess.NET\ScatteredAccess.vbproj", "{AD75DB45-9C84-4CD8-8C3B-663395755D8D}"
EndProject
Project("{F184B08F-C81C-45F6-A57F-5ABD9991F28F}") = "ScatteredAccessClient", "ScatteredAccessClient.NET\ScatteredAccessClient.vbproj", "{1E5CD0FA-CF74-4EE6-A739-75CDEA32A7C9}"
EndProject
Project("{F184B08F-C81C-45F6-A57F-5ABD9991F28F}") = "SchedMan", "SchedMan.NET\SchedMan.vbproj", "{191022AA-68B2-4E0D-968B-72A3166D6175}"
EndProject
Project("{F184B08F-C81C-45F6-A57F-5ABD9991F28F}") = "Archive", "Utility\Archive.NET\Archive.vbproj", "{CF1A7B9F-F045-404A-A444-8BC3A8F45217}"
EndProject
Project("{F184B08F-C81C-45F6-A57F-5ABD9991F28F}") = "Clock", "Utility\Clock.NET\Clock.vbproj", "{6938FAD7-CBA9-40B3-B4A3-312B2B0718A6}"
EndProject
Project("{F184B08F-C81C-45F6-A57F-5ABD9991F28F}") = "DefaultPrint", "Utility\Default Printer.NET\DefaultPrint.vbproj", "{6BBF6BE8-6294-471E-BD18-77E14E791D39}"
EndProject
Project("{F184B08F-C81C-45F6-A57F-5ABD9991F28F}") = "FileCopy", "Utility\FileCopy.NET\FileCopy.vbproj", "{8563B031-8559-41D4-AE2D-E6C91BE76BD8}"
EndProject
Project("{F184B08F-C81C-45F6-A57F-5ABD9991F28F}") = "Notepad", "Utility\Notepad.NET\Notepad.vbproj", "{D1DCC474-F938-4A34-BE9C-6883C0E39533}"
EndProject
Project("{F184B08F-C81C-45F6-A57F-5ABD9991F28F}") = "PWUserMaint", "Utility\PWUserMaint.NET\PWUserMaint.vbproj", "{F56526C2-779C-4045-BCDC-D51CF9A0D978}"
EndProject
Project("{F184B08F-C81C-45F6-A57F-5ABD9991F28F}") = "RobotVariables", "Utility\RobotVariables.NET\RobotVariables.vbproj", "{E9CB4235-96AC-4AAD-99BF-644C20853F55}"
EndProject
Project("{F184B08F-C81C-45F6-A57F-5ABD9991F28F}") = "Scheduler", "Utility\Scheduler.NET.HTML\Scheduler.vbproj", "{F61B924D-A0BA-4FF9-8543-31E830299EF0}"
EndProject
Project("{F184B08F-C81C-45F6-A57F-5ABD9991F28F}") = "Versions", "Utility\Versions.NET\Versions.vbproj", "{6806836E-25C1-4251-846D-5F850EA64B1B}"
EndProject
Project("{F184B08F-C81C-45F6-A57F-5ABD9991F28F}") = "CellStatus", "View\CellStatus\CellStatus.vbproj", "{75F33524-8FA8-4BFA-B16F-1AC3D32B56A9}"
EndProject
Project("{F184B08F-C81C-45F6-A57F-5ABD9991F28F}") = "BulkSupply", "View\BulkSupply.NET\BulkSupply.vbproj", "{057422B9-800D-4098-874F-C3C62D835D13}"
EndProject
Project("{F184B08F-C81C-45F6-A57F-5ABD9991F28F}") = "DmonViewer", "View\DmonViewer.NET\DmonViewer.vbproj", "{38E48AA8-5913-4DDD-9F89-A67098163E38}"
EndProject
Project("{F184B08F-C81C-45F6-A57F-5ABD9991F28F}") = "LogixTagconverter", "View\LogixTagConverter\LogixTagconverter.vbproj", "{5F8A7636-F64A-4FCD-B59B-027C5B30DC3B}"
EndProject
Project("{F184B08F-C81C-45F6-A57F-5ABD9991F28F}") = "plc_io", "View\plc_io.NET\plc_io.vbproj", "{303E5F98-7206-45EF-AD2F-57BE035950DD}"
EndProject
Project("{F184B08F-C81C-45F6-A57F-5ABD9991F28F}") = "Robot_IO", "View\Rbt_IO.NET\Robot_IO.vbproj", "{4F3511F8-DE68-4AB7-8831-91DAD6061E15}"
EndProject
Project("{F184B08F-C81C-45F6-A57F-5ABD9991F28F}") = "PWInstall", "PWInstall\PWInstall.vbproj", "{BBAEBA05-7E38-4FF2-B24D-1A0A4E444546}"
EndProject
Project("{F184B08F-C81C-45F6-A57F-5ABD9991F28F}") = "VisionLogger", "VisionLogger\VisionLogger.vbproj", "{8872DDDE-99A0-4F57-B8AB-111E11D60568}"
EndProject
Global
	GlobalSection(SolutionConfigurationPlatforms) = preSolution
		Debug|Any CPU = Debug|Any CPU
		Release|Any CPU = Release|Any CPU
	EndGlobalSection
	GlobalSection(ProjectConfigurationPlatforms) = postSolution
		{65A4BCCA-8758-4E9A-9D9A-5ADB00D9C288}.Debug|Any CPU.ActiveCfg = Debug|Any CPU
		{65A4BCCA-8758-4E9A-9D9A-5ADB00D9C288}.Debug|Any CPU.Build.0 = Debug|Any CPU
		{65A4BCCA-8758-4E9A-9D9A-5ADB00D9C288}.Release|Any CPU.ActiveCfg = Release|Any CPU
		{65A4BCCA-8758-4E9A-9D9A-5ADB00D9C288}.Release|Any CPU.Build.0 = Release|Any CPU
		{90E7A9EB-0D72-4317-AB97-C22648606037}.Debug|Any CPU.ActiveCfg = Debug|Any CPU
		{90E7A9EB-0D72-4317-AB97-C22648606037}.Debug|Any CPU.Build.0 = Debug|Any CPU
		{90E7A9EB-0D72-4317-AB97-C22648606037}.Release|Any CPU.ActiveCfg = Release|Any CPU
		{90E7A9EB-0D72-4317-AB97-C22648606037}.Release|Any CPU.Build.0 = Release|Any CPU
		{9E929452-088F-412E-BE23-6B39E4852985}.Debug|Any CPU.ActiveCfg = Debug|Any CPU
		{9E929452-088F-412E-BE23-6B39E4852985}.Debug|Any CPU.Build.0 = Debug|Any CPU
		{9E929452-088F-412E-BE23-6B39E4852985}.Release|Any CPU.ActiveCfg = Release|Any CPU
		{9E929452-088F-412E-BE23-6B39E4852985}.Release|Any CPU.Build.0 = Release|Any CPU
		{42D5241F-D8B2-4D89-B04F-B720A0B53C37}.Debug|Any CPU.ActiveCfg = Debug|Any CPU
		{42D5241F-D8B2-4D89-B04F-B720A0B53C37}.Debug|Any CPU.Build.0 = Debug|Any CPU
		{42D5241F-D8B2-4D89-B04F-B720A0B53C37}.Release|Any CPU.ActiveCfg = Release|Any CPU
		{42D5241F-D8B2-4D89-B04F-B720A0B53C37}.Release|Any CPU.Build.0 = Release|Any CPU
		{11CE6D9A-3A98-497B-8AA5-A0DEF7C39DF6}.Debug|Any CPU.ActiveCfg = Debug|Any CPU
		{11CE6D9A-3A98-497B-8AA5-A0DEF7C39DF6}.Debug|Any CPU.Build.0 = Debug|Any CPU
		{11CE6D9A-3A98-497B-8AA5-A0DEF7C39DF6}.Release|Any CPU.ActiveCfg = Release|Any CPU
		{11CE6D9A-3A98-497B-8AA5-A0DEF7C39DF6}.Release|Any CPU.Build.0 = Release|Any CPU
		{BD6F4881-8C3B-479B-89B5-1618A1AF216A}.Debug|Any CPU.ActiveCfg = Debug|Any CPU
		{BD6F4881-8C3B-479B-89B5-1618A1AF216A}.Debug|Any CPU.Build.0 = Debug|Any CPU
		{BD6F4881-8C3B-479B-89B5-1618A1AF216A}.Release|Any CPU.ActiveCfg = Release|Any CPU
		{BD6F4881-8C3B-479B-89B5-1618A1AF216A}.Release|Any CPU.Build.0 = Release|Any CPU
		{A24ED5B6-80D7-4BA0-9713-4504F520F7C2}.Debug|Any CPU.ActiveCfg = Debug|Any CPU
		{A24ED5B6-80D7-4BA0-9713-4504F520F7C2}.Debug|Any CPU.Build.0 = Debug|Any CPU
		{A24ED5B6-80D7-4BA0-9713-4504F520F7C2}.Release|Any CPU.ActiveCfg = Release|Any CPU
		{A24ED5B6-80D7-4BA0-9713-4504F520F7C2}.Release|Any CPU.Build.0 = Release|Any CPU
		{1B8B445C-3BFB-46DB-89EF-A040548A9EC2}.Debug|Any CPU.ActiveCfg = Debug|Any CPU
		{1B8B445C-3BFB-46DB-89EF-A040548A9EC2}.Debug|Any CPU.Build.0 = Debug|Any CPU
		{1B8B445C-3BFB-46DB-89EF-A040548A9EC2}.Release|Any CPU.ActiveCfg = Release|Any CPU
		{1B8B445C-3BFB-46DB-89EF-A040548A9EC2}.Release|Any CPU.Build.0 = Release|Any CPU
		{DE3BB38D-C500-4ED6-9230-117BE5F57D30}.Debug|Any CPU.ActiveCfg = Debug|Any CPU
		{DE3BB38D-C500-4ED6-9230-117BE5F57D30}.Debug|Any CPU.Build.0 = Debug|Any CPU
		{DE3BB38D-C500-4ED6-9230-117BE5F57D30}.Release|Any CPU.ActiveCfg = Release|Any CPU
		{DE3BB38D-C500-4ED6-9230-117BE5F57D30}.Release|Any CPU.Build.0 = Release|Any CPU
		{A958185B-1183-46C3-B246-1049FB2A84A1}.Debug|Any CPU.ActiveCfg = Debug|Any CPU
		{A958185B-1183-46C3-B246-1049FB2A84A1}.Debug|Any CPU.Build.0 = Debug|Any CPU
		{A958185B-1183-46C3-B246-1049FB2A84A1}.Release|Any CPU.ActiveCfg = Release|Any CPU
		{A958185B-1183-46C3-B246-1049FB2A84A1}.Release|Any CPU.Build.0 = Release|Any CPU
		{A958185B-1183-46C3-B246-1049FB2A84A1}.Debug|Any CPU.ActiveCfg = Debug|Any CPU
		{A958185B-1183-46C3-B246-1049FB2A84A1}.Debug|Any CPU.Build.0 = Debug|Any CPU
		{A958185B-1183-46C3-B246-1049FB2A84A1}.Release|Any CPU.ActiveCfg = Release|Any CPU
		{A958185B-1183-46C3-B246-1049FB2A84A1}.Release|Any CPU.Build.0 = Release|Any CPU
		{3E0030F5-8D8D-4957-9A5F-2E0FD805042D}.Debug|Any CPU.ActiveCfg = Debug|Any CPU
		{3E0030F5-8D8D-4957-9A5F-2E0FD805042D}.Debug|Any CPU.Build.0 = Debug|Any CPU
		{3E0030F5-8D8D-4957-9A5F-2E0FD805042D}.Release|Any CPU.ActiveCfg = Release|Any CPU
		{3E0030F5-8D8D-4957-9A5F-2E0FD805042D}.Release|Any CPU.Build.0 = Release|Any CPU
		{ACA09AB9-C10D-455A-B1B2-E597E9348B35}.Debug|Any CPU.ActiveCfg = Debug|Any CPU
		{ACA09AB9-C10D-455A-B1B2-E597E9348B35}.Debug|Any CPU.Build.0 = Debug|Any CPU
		{ACA09AB9-C10D-455A-B1B2-E597E9348B35}.Release|Any CPU.ActiveCfg = Release|Any CPU
		{ACA09AB9-C10D-455A-B1B2-E597E9348B35}.Release|Any CPU.Build.0 = Release|Any CPU
		{6BCBAB03-842E-4689-B4CD-A2A4D540E4F5}.Debug|Any CPU.ActiveCfg = Debug|Any CPU
		{6BCBAB03-842E-4689-B4CD-A2A4D540E4F5}.Debug|Any CPU.Build.0 = Debug|Any CPU
		{6BCBAB03-842E-4689-B4CD-A2A4D540E4F5}.Release|Any CPU.ActiveCfg = Release|Any CPU
		{6BCBAB03-842E-4689-B4CD-A2A4D540E4F5}.Release|Any CPU.Build.0 = Release|Any CPU
		{95908FF3-B979-4D10-B270-6C8D3F40E763}.Debug|Any CPU.ActiveCfg = Debug|Any CPU
		{95908FF3-B979-4D10-B270-6C8D3F40E763}.Debug|Any CPU.Build.0 = Debug|Any CPU
		{95908FF3-B979-4D10-B270-6C8D3F40E763}.Release|Any CPU.ActiveCfg = Release|Any CPU
		{95908FF3-B979-4D10-B270-6C8D3F40E763}.Release|Any CPU.Build.0 = Release|Any CPU
		{1AE23646-95AF-4EE1-B6B3-30992607DF07}.Debug|Any CPU.ActiveCfg = Debug|Any CPU
		{1AE23646-95AF-4EE1-B6B3-30992607DF07}.Debug|Any CPU.Build.0 = Debug|Any CPU
		{1AE23646-95AF-4EE1-B6B3-30992607DF07}.Release|Any CPU.ActiveCfg = Release|Any CPU
		{1AE23646-95AF-4EE1-B6B3-30992607DF07}.Release|Any CPU.Build.0 = Release|Any CPU
		{92BA1811-E0C4-4762-806A-40BCA25B222A}.Debug|Any CPU.ActiveCfg = Debug|Any CPU
		{92BA1811-E0C4-4762-806A-40BCA25B222A}.Debug|Any CPU.Build.0 = Debug|Any CPU
		{92BA1811-E0C4-4762-806A-40BCA25B222A}.Release|Any CPU.ActiveCfg = Release|Any CPU
		{92BA1811-E0C4-4762-806A-40BCA25B222A}.Release|Any CPU.Build.0 = Release|Any CPU
		{EEA98AD6-2E2B-4583-935D-BEBCCC928F28}.Debug|Any CPU.ActiveCfg = Debug|Any CPU
		{EEA98AD6-2E2B-4583-935D-BEBCCC928F28}.Debug|Any CPU.Build.0 = Debug|Any CPU
		{EEA98AD6-2E2B-4583-935D-BEBCCC928F28}.Release|Any CPU.ActiveCfg = Release|Any CPU
		{EEA98AD6-2E2B-4583-935D-BEBCCC928F28}.Release|Any CPU.Build.0 = Release|Any CPU
		{57DE76F2-4492-4DC5-B787-1DB8534611A6}.Debug|Any CPU.ActiveCfg = Debug|Any CPU
		{57DE76F2-4492-4DC5-B787-1DB8534611A6}.Debug|Any CPU.Build.0 = Debug|Any CPU
		{57DE76F2-4492-4DC5-B787-1DB8534611A6}.Release|Any CPU.ActiveCfg = Release|Any CPU
		{57DE76F2-4492-4DC5-B787-1DB8534611A6}.Release|Any CPU.Build.0 = Release|Any CPU
		{9AC7B917-5F30-4A44-8245-6ADD869488BE}.Debug|Any CPU.ActiveCfg = Debug|Any CPU
		{9AC7B917-5F30-4A44-8245-6ADD869488BE}.Debug|Any CPU.Build.0 = Debug|Any CPU
		{9AC7B917-5F30-4A44-8245-6ADD869488BE}.Release|Any CPU.ActiveCfg = Release|Any CPU
		{9AC7B917-5F30-4A44-8245-6ADD869488BE}.Release|Any CPU.Build.0 = Release|Any CPU
		{07F50405-934C-4C20-8E0C-857F24813664}.Debug|Any CPU.ActiveCfg = Debug|Any CPU
		{07F50405-934C-4C20-8E0C-857F24813664}.Debug|Any CPU.Build.0 = Debug|Any CPU
		{07F50405-934C-4C20-8E0C-857F24813664}.Release|Any CPU.ActiveCfg = Release|Any CPU
		{07F50405-934C-4C20-8E0C-857F24813664}.Release|Any CPU.Build.0 = Release|Any CPU
		{3EBED0FD-607D-4DBD-9CD7-D70C80469A2C}.Debug|Any CPU.ActiveCfg = Debug|Any CPU
		{3EBED0FD-607D-4DBD-9CD7-D70C80469A2C}.Debug|Any CPU.Build.0 = Debug|Any CPU
		{3EBED0FD-607D-4DBD-9CD7-D70C80469A2C}.Release|Any CPU.ActiveCfg = Release|Any CPU
		{3EBED0FD-607D-4DBD-9CD7-D70C80469A2C}.Release|Any CPU.Build.0 = Release|Any CPU
		{BF80F7E0-1E1D-4C3E-8EFD-6F1D79C2BC70}.Debug|Any CPU.ActiveCfg = Debug|Any CPU
		{BF80F7E0-1E1D-4C3E-8EFD-6F1D79C2BC70}.Debug|Any CPU.Build.0 = Debug|Any CPU
		{BF80F7E0-1E1D-4C3E-8EFD-6F1D79C2BC70}.Release|Any CPU.ActiveCfg = Release|Any CPU
		{BF80F7E0-1E1D-4C3E-8EFD-6F1D79C2BC70}.Release|Any CPU.Build.0 = Release|Any CPU
		{5EA5324D-7DF2-4A6D-B046-AACEF5DB2ADC}.Debug|Any CPU.ActiveCfg = Debug|Any CPU
		{5EA5324D-7DF2-4A6D-B046-AACEF5DB2ADC}.Debug|Any CPU.Build.0 = Debug|Any CPU
		{5EA5324D-7DF2-4A6D-B046-AACEF5DB2ADC}.Release|Any CPU.ActiveCfg = Release|Any CPU
		{5EA5324D-7DF2-4A6D-B046-AACEF5DB2ADC}.Release|Any CPU.Build.0 = Release|Any CPU
		{AD75DB45-9C84-4CD8-8C3B-663395755D8D}.Debug|Any CPU.ActiveCfg = Debug|Any CPU
		{AD75DB45-9C84-4CD8-8C3B-663395755D8D}.Debug|Any CPU.Build.0 = Debug|Any CPU
		{AD75DB45-9C84-4CD8-8C3B-663395755D8D}.Release|Any CPU.ActiveCfg = Release|Any CPU
		{AD75DB45-9C84-4CD8-8C3B-663395755D8D}.Release|Any CPU.Build.0 = Release|Any CPU
		{1E5CD0FA-CF74-4EE6-A739-75CDEA32A7C9}.Debug|Any CPU.ActiveCfg = Debug|Any CPU
		{1E5CD0FA-CF74-4EE6-A739-75CDEA32A7C9}.Debug|Any CPU.Build.0 = Debug|Any CPU
		{1E5CD0FA-CF74-4EE6-A739-75CDEA32A7C9}.Release|Any CPU.ActiveCfg = Release|Any CPU
		{1E5CD0FA-CF74-4EE6-A739-75CDEA32A7C9}.Release|Any CPU.Build.0 = Release|Any CPU
		{191022AA-68B2-4E0D-968B-72A3166D6175}.Debug|Any CPU.ActiveCfg = Debug|Any CPU
		{191022AA-68B2-4E0D-968B-72A3166D6175}.Debug|Any CPU.Build.0 = Debug|Any CPU
		{191022AA-68B2-4E0D-968B-72A3166D6175}.Release|Any CPU.ActiveCfg = Release|Any CPU
		{191022AA-68B2-4E0D-968B-72A3166D6175}.Release|Any CPU.Build.0 = Release|Any CPU
		{CF1A7B9F-F045-404A-A444-8BC3A8F45217}.Debug|Any CPU.ActiveCfg = Debug|Any CPU
		{CF1A7B9F-F045-404A-A444-8BC3A8F45217}.Debug|Any CPU.Build.0 = Debug|Any CPU
		{CF1A7B9F-F045-404A-A444-8BC3A8F45217}.Release|Any CPU.ActiveCfg = Release|Any CPU
		{CF1A7B9F-F045-404A-A444-8BC3A8F45217}.Release|Any CPU.Build.0 = Release|Any CPU
		{6938FAD7-CBA9-40B3-B4A3-312B2B0718A6}.Debug|Any CPU.ActiveCfg = Debug|Any CPU
		{6938FAD7-CBA9-40B3-B4A3-312B2B0718A6}.Debug|Any CPU.Build.0 = Debug|Any CPU
		{6938FAD7-CBA9-40B3-B4A3-312B2B0718A6}.Release|Any CPU.ActiveCfg = Release|Any CPU
		{6938FAD7-CBA9-40B3-B4A3-312B2B0718A6}.Release|Any CPU.Build.0 = Release|Any CPU
		{6BBF6BE8-6294-471E-BD18-77E14E791D39}.Debug|Any CPU.ActiveCfg = Debug|Any CPU
		{6BBF6BE8-6294-471E-BD18-77E14E791D39}.Debug|Any CPU.Build.0 = Debug|Any CPU
		{6BBF6BE8-6294-471E-BD18-77E14E791D39}.Release|Any CPU.ActiveCfg = Release|Any CPU
		{6BBF6BE8-6294-471E-BD18-77E14E791D39}.Release|Any CPU.Build.0 = Release|Any CPU
		{8563B031-8559-41D4-AE2D-E6C91BE76BD8}.Debug|Any CPU.ActiveCfg = Debug|Any CPU
		{8563B031-8559-41D4-AE2D-E6C91BE76BD8}.Debug|Any CPU.Build.0 = Debug|Any CPU
		{8563B031-8559-41D4-AE2D-E6C91BE76BD8}.Release|Any CPU.ActiveCfg = Release|Any CPU
		{8563B031-8559-41D4-AE2D-E6C91BE76BD8}.Release|Any CPU.Build.0 = Release|Any CPU
		{D1DCC474-F938-4A34-BE9C-6883C0E39533}.Debug|Any CPU.ActiveCfg = Debug|Any CPU
		{D1DCC474-F938-4A34-BE9C-6883C0E39533}.Debug|Any CPU.Build.0 = Debug|Any CPU
		{D1DCC474-F938-4A34-BE9C-6883C0E39533}.Release|Any CPU.ActiveCfg = Release|Any CPU
		{D1DCC474-F938-4A34-BE9C-6883C0E39533}.Release|Any CPU.Build.0 = Release|Any CPU
		{F56526C2-779C-4045-BCDC-D51CF9A0D978}.Debug|Any CPU.ActiveCfg = Debug|Any CPU
		{F56526C2-779C-4045-BCDC-D51CF9A0D978}.Debug|Any CPU.Build.0 = Debug|Any CPU
		{F56526C2-779C-4045-BCDC-D51CF9A0D978}.Release|Any CPU.ActiveCfg = Release|Any CPU
		{F56526C2-779C-4045-BCDC-D51CF9A0D978}.Release|Any CPU.Build.0 = Release|Any CPU
		{E9CB4235-96AC-4AAD-99BF-644C20853F55}.Debug|Any CPU.ActiveCfg = Debug|Any CPU
		{E9CB4235-96AC-4AAD-99BF-644C20853F55}.Debug|Any CPU.Build.0 = Debug|Any CPU
		{E9CB4235-96AC-4AAD-99BF-644C20853F55}.Release|Any CPU.ActiveCfg = Release|Any CPU
		{E9CB4235-96AC-4AAD-99BF-644C20853F55}.Release|Any CPU.Build.0 = Release|Any CPU
		{D5C1C02D-9A2E-4E73-9492-0030D7F155B8}.Debug|Any CPU.ActiveCfg = Debug|Any CPU
		{D5C1C02D-9A2E-4E73-9492-0030D7F155B8}.Debug|Any CPU.Build.0 = Debug|Any CPU
		{D5C1C02D-9A2E-4E73-9492-0030D7F155B8}.Release|Any CPU.ActiveCfg = Release|Any CPU
		{D5C1C02D-9A2E-4E73-9492-0030D7F155B8}.Release|Any CPU.Build.0 = Release|Any CPU
		{6806836E-25C1-4251-846D-5F850EA64B1B}.Debug|Any CPU.ActiveCfg = Debug|Any CPU
		{6806836E-25C1-4251-846D-5F850EA64B1B}.Debug|Any CPU.Build.0 = Debug|Any CPU
		{6806836E-25C1-4251-846D-5F850EA64B1B}.Release|Any CPU.ActiveCfg = Release|Any CPU
		{6806836E-25C1-4251-846D-5F850EA64B1B}.Release|Any CPU.Build.0 = Release|Any CPU
		{75F33524-8FA8-4BFA-B16F-1AC3D32B56A9}.Debug|Any CPU.ActiveCfg = Debug|Any CPU
		{75F33524-8FA8-4BFA-B16F-1AC3D32B56A9}.Debug|Any CPU.Build.0 = Debug|Any CPU
		{75F33524-8FA8-4BFA-B16F-1AC3D32B56A9}.Release|Any CPU.ActiveCfg = Release|Any CPU
		{75F33524-8FA8-4BFA-B16F-1AC3D32B56A9}.Release|Any CPU.Build.0 = Release|Any CPU
		{057422B9-800D-4098-874F-C3C62D835D13}.Debug|Any CPU.ActiveCfg = Debug|Any CPU
		{057422B9-800D-4098-874F-C3C62D835D13}.Debug|Any CPU.Build.0 = Debug|Any CPU
		{057422B9-800D-4098-874F-C3C62D835D13}.Release|Any CPU.ActiveCfg = Release|Any CPU
		{057422B9-800D-4098-874F-C3C62D835D13}.Release|Any CPU.Build.0 = Release|Any CPU
		{38E48AA8-5913-4DDD-9F89-A67098163E38}.Debug|Any CPU.ActiveCfg = Debug|Any CPU
		{38E48AA8-5913-4DDD-9F89-A67098163E38}.Debug|Any CPU.Build.0 = Debug|Any CPU
		{38E48AA8-5913-4DDD-9F89-A67098163E38}.Release|Any CPU.ActiveCfg = Release|Any CPU
		{38E48AA8-5913-4DDD-9F89-A67098163E38}.Release|Any CPU.Build.0 = Release|Any CPU
		{5F8A7636-F64A-4FCD-B59B-027C5B30DC3B}.Debug|Any CPU.ActiveCfg = Debug|Any CPU
		{5F8A7636-F64A-4FCD-B59B-027C5B30DC3B}.Debug|Any CPU.Build.0 = Debug|Any CPU
		{5F8A7636-F64A-4FCD-B59B-027C5B30DC3B}.Release|Any CPU.ActiveCfg = Release|Any CPU
		{5F8A7636-F64A-4FCD-B59B-027C5B30DC3B}.Release|Any CPU.Build.0 = Release|Any CPU
		{303E5F98-7206-45EF-AD2F-57BE035950DD}.Debug|Any CPU.ActiveCfg = Debug|Any CPU
		{303E5F98-7206-45EF-AD2F-57BE035950DD}.Debug|Any CPU.Build.0 = Debug|Any CPU
		{303E5F98-7206-45EF-AD2F-57BE035950DD}.Release|Any CPU.ActiveCfg = Release|Any CPU
		{303E5F98-7206-45EF-AD2F-57BE035950DD}.Release|Any CPU.Build.0 = Release|Any CPU
		{4F3511F8-DE68-4AB7-8831-91DAD6061E15}.Debug|Any CPU.ActiveCfg = Debug|Any CPU
		{4F3511F8-DE68-4AB7-8831-91DAD6061E15}.Debug|Any CPU.Build.0 = Debug|Any CPU
		{4F3511F8-DE68-4AB7-8831-91DAD6061E15}.Release|Any CPU.ActiveCfg = Release|Any CPU
		{4F3511F8-DE68-4AB7-8831-91DAD6061E15}.Release|Any CPU.Build.0 = Release|Any CPU
		{BBAEBA05-7E38-4FF2-B24D-1A0A4E444546}.Debug|Any CPU.ActiveCfg = Debug|Any CPU
		{BBAEBA05-7E38-4FF2-B24D-1A0A4E444546}.Debug|Any CPU.Build.0 = Debug|Any CPU
		{BBAEBA05-7E38-4FF2-B24D-1A0A4E444546}.Release|Any CPU.ActiveCfg = Release|Any CPU
		{BBAEBA05-7E38-4FF2-B24D-1A0A4E444546}.Release|Any CPU.Build.0 = Release|Any CPU
		{8872DDDE-99A0-4F57-B8AB-111E11D60568}.Debug|Any CPU.ActiveCfg = Debug|Any CPU
		{8872DDDE-99A0-4F57-B8AB-111E11D60568}.Debug|Any CPU.Build.0 = Debug|Any CPU
		{8872DDDE-99A0-4F57-B8AB-111E11D60568}.Release|Any CPU.ActiveCfg = Release|Any CPU
		{8872DDDE-99A0-4F57-B8AB-111E11D60568}.Release|Any CPU.Build.0 = Release|Any CPU
		{D5C1C02D-9A2E-4E73-9492-0030D7F155B8}.Debug|Any CPU.ActiveCfg = Debug|Any CPU
		{D5C1C02D-9A2E-4E73-9492-0030D7F155B8}.Debug|Any CPU.Build.0 = Debug|Any CPU
		{D5C1C02D-9A2E-4E73-9492-0030D7F155B8}.Release|Any CPU.ActiveCfg = Release|Any CPU
		{D5C1C02D-9A2E-4E73-9492-0030D7F155B8}.Release|Any CPU.Build.0 = Release|Any CPU
		{F61B924D-A0BA-4FF9-8543-31E830299EF0}.Debug|Any CPU.ActiveCfg = Debug|Any CPU
		{F61B924D-A0BA-4FF9-8543-31E830299EF0}.Debug|Any CPU.Build.0 = Debug|Any CPU
		{F61B924D-A0BA-4FF9-8543-31E830299EF0}.Release|Any CPU.ActiveCfg = Release|Any CPU
		{F61B924D-A0BA-4FF9-8543-31E830299EF0}.Release|Any CPU.Build.0 = Release|Any CPU
	EndGlobalSection
	GlobalSection(SolutionProperties) = preSolution
		HideSolutionNode = FALSE
	EndGlobalSection
EndGlobal
