
Microsoft Visual Studio Solution File, Format Version 10.00
# Visual Basic Express 2008
Project("{F184B08F-C81C-45F6-A57F-5ABD9991F28F}") = "SchedMan", "SchedMan.vbproj", "{191022AA-68B2-4E0D-968B-72A3166D6175}"
EndProject
Global
	GlobalSection(SolutionConfigurationPlatforms) = preSolution
		Debug|Any CPU = Debug|Any CPU
		Release|Any CPU = Release|Any CPU
	EndGlobalSection
	GlobalSection(ProjectConfigurationPlatforms) = postSolution
		{191022AA-68B2-4E0D-968B-72A3166D6175}.Debug|Any CPU.ActiveCfg = Debug|Any CPU
		{191022AA-68B2-4E0D-968B-72A3166D6175}.Debug|Any CPU.Build.0 = Debug|Any CPU
		{191022AA-68B2-4E0D-968B-72A3166D6175}.Release|Any CPU.ActiveCfg = Release|Any CPU
		{191022AA-68B2-4E0D-968B-72A3166D6175}.Release|Any CPU.Build.0 = Release|Any CPU
	EndGlobalSection
	GlobalSection(SolutionProperties) = preSolution
		HideSolutionNode = FALSE
	EndGlobalSection
EndGlobal
